#MicroXplorer Configuration settings - do not modify
CAD.formats=
CAD.pinconfig=
CAD.provider=
CORTEX_M33_NS.userName=CORTEX_M33
DMA2D.IPParameters=Mode
DMA2D.Mode=DMA2D_R2M
DSIHOST.ClockLaneHS2LPTime=11
DSIHOST.ClockLaneLP2HSTime=40
DSIHOST.DataLaneHS2LPTime=12
DSIHOST.DataLaneLP2HSTime=23
DSIHOST.FrameBTAAcknowledgeEnable=DSI_FBTAA_ENABLE
DSIHOST.HorizontalLine=1452
DSIHOST.HorizontalSyncActive=6
DSIHOST.IPParameters=Mode,PacketSize,FrameBTAAcknowledgeEnable,VerticalSyncActive,VerticalBackPorch,VerticalFrontPorch,VerticalActive,HorizontalSyncActive,HorizontalLine,LPHorizontalFrontPorchEnable,LPHorizontalBackPorchEnable,LPVerticalActiveEnable,LPVerticalFrontPorchEnable,LPVerticalBackPorchEnable,LPVerticalSyncActiveEnable,ClockLaneHS2LPTime,ClockLaneLP2HSTime,DataLaneHS2LPTime,DataLaneLP2HSTime,StopWaitTime,PLLVCORange,PHYFrequencyRange,NumberOfLanes
DSIHOST.LPHorizontalBackPorchEnable=DSI_LP_HBP_ENABLE
DSIHOST.LPHorizontalFrontPorchEnable=DSI_LP_HFP_ENABLE
DSIHOST.LPVerticalActiveEnable=DSI_LP_VACT_ENABLE
DSIHOST.LPVerticalBackPorchEnable=DSI_LP_VBP_ENABLE
DSIHOST.LPVerticalFrontPorchEnable=DSI_LP_VFP_ENABLE
DSIHOST.LPVerticalSyncActiveEnable=DSI_LP_VSYNC_ENABLE
DSIHOST.Mode=DSI_VID_MODE_BURST
DSIHOST.NumberOfLanes=DSI_TWO_DATA_LANES
DSIHOST.PHYFrequencyRange=DSI_DPHY_FRANGE_450MHZ_510MHZ
DSIHOST.PLLVCORange=DSI_DPHY_VCO_FRANGE_800MHZ_1GHZ
DSIHOST.PacketSize=480
DSIHOST.StopWaitTime=7
DSIHOST.VerticalActive=481
DSIHOST.VerticalBackPorch=12
DSIHOST.VerticalFrontPorch=50
DSIHOST.VerticalSyncActive=1
DSI_CKN.Mode=DSIHost_Video
DSI_CKN.Signal=DSIHOST_CKN
DSI_CKP.Mode=DSIHost_Video
DSI_CKP.Signal=DSIHOST_CKP
DSI_D0N.Mode=DSIHost_Video
DSI_D0N.Signal=DSIHOST_D0N
DSI_D0P.Mode=DSIHost_Video
DSI_D0P.Signal=DSIHOST_D0P
DSI_D1N.Mode=DSIHost_Video
DSI_D1N.Signal=DSIHOST_D1N
DSI_D1P.Mode=DSIHost_Video
DSI_D1P.Signal=DSIHOST_D1P
File.Version=6
GFXMMU.BPP=3
GFXMMU.Buf0Address=PHY0_ADDRESS
GFXMMU.Buf1Address=PHY1_ADDRESS
GFXMMU.CacheActivation=DISABLE
GFXMMU.DefaultValue=0xFFFF00FF
GFXMMU.GFXMMUtable=1/218/261,2/209/270,3/202/277,4/196/283,5/191/288,6/186/293,7/182/297,8/178/301,9/174/305,10/171/308,11/168/311,12/165/314,13/162/317,14/159/320,15/156/323,16/153/326,17/151/328,18/148/331,19/146/333,20/144/335,21/141/338,22/139/340,23/137/342,24/135/344,25/133/346,26/131/348,27/129/350,28/127/352,29/125/354,30/123/356,31/122/357,32/120/359,33/118/361,34/116/363,35/115/364,36/113/366,37/111/368,38/110/369,39/108/371,40/107/372,41/105/374,42/104/375,43/102/377,44/101/378,45/100/379,46/98/381,47/97/382,48/96/384,49/94/385,50/93/386,51/92/387,52/90/389,53/89/390,54/88/391,55/87/392,56/85/394,57/84/395,58/83/396,59/82/397,60/81/398,61/80/399,62/79/400,63/77/402,64/76/403,65/75/404,66/74/405,67/73/406,68/72/407,69/71/408,70/70/409,71/69/410,72/68/411,73/67/412,74/66/413,75/65/414,76/64/415,77/63/416,78/62/417,79/62/417,80/61/418,81/60/419,82/59/420,83/58/421,84/57/422,85/56/423,86/55/424,87/55/424,88/54/425,89/53/426,90/52/427,91/51/428,92/51/428,93/50/429,94/49/430,95/48/431,96/48/432,97/47/432,98/46/433,99/45/434,100/45/434,101/44/435,102/43/436,103/42/437,104/42/437,105/41/438,106/40/439,107/40/439,108/39/440,109/38/441,110/38/441,111/37/442,112/36/443,113/36/443,114/35/444,115/35/444,116/34/445,117/33/446,118/33/446,119/32/447,120/32/447,121/31/448,122/31/448,123/30/449,124/29/450,125/29/450,126/28/451,127/28/451,128/27/452,129/27/452,130/26/453,131/26/453,132/25/454,133/25/454,134/24/455,135/24/455,136/23/456,137/23/456,138/22/457,139/22/457,140/21/458,141/21/458,142/20/459,143/20/459,144/20/459,145/19/460,146/19/460,147/18/461,148/18/461,149/17/462,150/17/462,151/17/462,152/16/463,153/16/463,154/15/464,155/15/464,156/15/464,157/14/465,158/14/465,159/14/465,160/13/466,161/13/466,162/13/466,163/12/467,164/12/467,165/12/467,166/11/468,167/11/468,168/11/468,169/10/469,170/10/469,171/10/469,172/9/470,173/9/470,174/9/470,175/8/471,176/8/471,177/8/471,178/8/471,179/7/472,180/7/472,181/7/472,182/7/472,183/6/473,184/6/473,185/6/473,186/6/473,187/5/474,188/5/474,189/5/474,190/5/474,191/5/474,192/4/475,193/4/475,194/4/475,195/4/475,196/4/475,197/3/476,198/3/476,199/3/476,200/3/476,201/3/476,202/3/476,203/2/477,204/2/477,205/2/477,206/2/477,207/2/477,208/2/477,209/2/477,210/1/478,211/1/478,212/1/478,213/1/478,214/1/478,215/1/478,216/1/478,217/1/478,218/1/478,219/0/479,220/0/479,221/0/479,222/0/479,223/0/479,224/0/479,225/0/479,226/0/479,227/0/479,228/0/479,229/0/479,230/0/479,231/0/479,232/0/479,233/0/479,234/0/479,235/0/479,236/0/479,237/0/479,238/0/479,239/0/479,240/0/480,241/0/479,242/0/479,243/0/479,244/0/479,245/0/479,246/0/479,247/0/479,248/0/479,249/0/479,250/0/479,251/0/479,252/0/479,253/0/479,254/0/479,255/0/479,256/0/479,257/0/479,258/0/479,259/0/479,260/0/479,261/0/479,262/1/478,263/1/478,264/1/478,265/1/478,266/1/478,267/1/478,268/1/478,269/1/478,270/1/478,271/2/477,272/2/477,273/2/477,274/2/477,275/2/477,276/2/477,277/2/477,278/3/476,279/3/476,280/3/476,281/3/476,282/3/476,283/3/476,284/4/475,285/4/475,286/4/475,287/4/475,288/4/475,289/5/474,290/5/474,291/5/474,292/5/474,293/5/474,294/6/473,295/6/473,296/6/473,297/6/473,298/7/472,299/7/472,300/7/472,301/7/472,302/8/471,303/8/471,304/8/471,305/8/471,306/9/470,307/9/470,308/9/470,309/10/469,310/10/469,311/10/469,312/11/468,313/11/468,314/11/468,315/12/467,316/12/467,317/12/467,318/13/466,319/13/466,320/13/466,321/14/465,322/14/465,323/14/465,324/15/464,325/15/464,326/15/464,327/16/463,328/16/463,329/17/462,330/17/462,331/17/462,332/18/461,333/18/461,334/19/460,335/19/460,336/20/459,337/20/459,338/20/459,339/21/458,340/21/458,341/22/457,342/22/457,343/23/456,344/23/456,345/24/455,346/24/455,347/25/454,348/25/454,349/26/453,350/26/453,351/27/452,352/27/452,353/28/451,354/28/451,355/29/450,356/29/450,357/30/449,358/31/448,359/31/448,360/32/447,361/32/447,362/33/446,363/33/446,364/34/445,365/35/444,366/35/444,367/36/443,368/36/443,369/37/442,370/38/441,371/38/441,372/39/440,373/40/439,374/40/439,375/41/438,376/42/437,377/42/437,378/43/436,379/44/435,380/45/434,381/45/434,382/46/433,383/47/432,384/48/432,385/48/431,386/49/430,387/50/429,388/51/428,389/51/428,390/52/427,391/53/426,392/54/425,393/55/424,394/55/424,395/56/423,396/57/422,397/58/421,398/59/420,399/60/419,400/61/418,401/62/417,402/62/417,403/63/416,404/64/415,405/65/414,406/66/413,407/67/412,408/68/411,409/69/410,410/70/409,411/71/408,412/72/407,413/73/406,414/74/405,415/75/404,416/76/403,417/77/402,418/79/400,419/80/399,420/81/398,421/82/397,422/83/396,423/84/395,424/85/394,425/87/392,426/88/391,427/89/390,428/90/389,429/92/387,430/93/386,431/94/385,432/96/384,433/97/382,434/98/381,435/100/379,436/101/378,437/102/377,438/104/375,439/105/374,440/107/372,441/108/371,442/110/369,443/111/368,444/113/366,445/115/364,446/116/363,447/118/361,448/120/359,449/122/357,450/123/356,451/125/354,452/127/352,453/129/350,454/131/348,455/133/346,456/135/344,457/137/342,458/139/340,459/141/338,460/144/335,461/146/333,462/148/331,463/151/328,464/153/326,465/156/323,466/159/320,467/162/317,468/165/314,469/168/311,470/171/308,471/174/305,472/178/301,473/182/297,474/186/293,475/191/288,476/196/283,477/202/277,478/209/270,479/218/261,480/240/240,
GFXMMU.IPParameters=DefaultValue,CacheActivation,Buf0Address,BPP,GFXMMUtable,Buf1Address
GFXMMU.IPParametersWithoutCheck=Buf1Address,Buf0Address
GPIO.groupedBy=Group By Peripherals
I2C3.I2C_Speed_Mode=I2C_Fast
I2C3.IPParameters=Timing,I2C_Speed_Mode
I2C3.Timing=0x00000004
KeepUserPlacement=false
LTDC.ActiveH=481
LTDC.ActiveW=480
LTDC.Alpha_L0=0xFF
LTDC.HBP=1
LTDC.HFP=1
LTDC.HSPolarity=LTDC_HSPOLARITY_AH
LTDC.HSync=2
LTDC.IPParameters=HSync,HBP,ActiveW,HFP,VSync,VBP,ActiveH,VFP,HSPolarity,VSPolarity,Layers,WindowX1_L0,WindowY1_L0,Alpha_L0,ImageHeight_L0,ImageWidth_L0
LTDC.ImageHeight_L0=LCD_WIDTH
LTDC.ImageWidth_L0=PIXEL_PERLINE
LTDC.Layers=0
LTDC.VBP=12
LTDC.VFP=50
LTDC.VSPolarity=LTDC_VSPOLARITY_AH
LTDC.VSync=1
LTDC.WindowX1_L0=LCD_WIDTH
LTDC.WindowY1_L0=LCD_WIDTH
Mcu.CPN=STM32U5A9NJH6Q
Mcu.ContextProject=TrustZoneDisabled
Mcu.Family=STM32U5
Mcu.IP0=CORTEX_M33_NS
Mcu.IP1=DEBUG
Mcu.IP10=PWR
Mcu.IP11=RCC
Mcu.IP12=RNG
Mcu.IP13=SYS
Mcu.IP14=THREADX
Mcu.IP15=TIM3
Mcu.IP16=TIM7
Mcu.IP17=TIM16
Mcu.IP18=USART1
Mcu.IP2=DMA2D
Mcu.IP3=DSIHOST
Mcu.IP4=GFXMMU
Mcu.IP5=GPU2D
Mcu.IP6=I2C3
Mcu.IP7=ICACHE
Mcu.IP8=LTDC
Mcu.IP9=NVIC
Mcu.IPNb=19
Mcu.Name=STM32U5A9NJHxQ
Mcu.Package=TFBGA216
Mcu.Pin0=PE0
Mcu.Pin1=PA14 (JTCK/SWCLK)
Mcu.Pin10=PA10
Mcu.Pin11=PA9
Mcu.Pin12=PC13
Mcu.Pin13=DSI_D0P
Mcu.Pin14=DSI_D0N
Mcu.Pin15=DSI_CKP
Mcu.Pin16=DSI_CKN
Mcu.Pin17=PF2
Mcu.Pin18=DSI_D1N
Mcu.Pin19=DSI_D1P
Mcu.Pin2=PC14-OSC32_IN (PC14)
Mcu.Pin20=PH0-OSC_IN (PH0)
Mcu.Pin21=PH1-OSC_OUT (PH1)
Mcu.Pin22=VP_DMA2D_VS_DMA2D
Mcu.Pin23=VP_GFXMMU_VS_GFXMMU
Mcu.Pin24=VP_GPU2D_VS_GPU2D
Mcu.Pin25=VP_ICACHE_VS_ICACHE
Mcu.Pin26=VP_LTDC_DSIMode
Mcu.Pin27=VP_PWR_VS_DBSignals
Mcu.Pin28=VP_PWR_VS_SECSignals
Mcu.Pin29=VP_PWR_VS_LPOM
Mcu.Pin3=PE1
Mcu.Pin30=VP_RNG_VS_RNG
Mcu.Pin31=VP_SYS_VS_tim6
Mcu.Pin32=VP_THREADX_VS_RTOSJjThreadXJjCoreJjDefault
Mcu.Pin33=VP_TIM3_VS_ClockSourceINT
Mcu.Pin34=VP_TIM7_VS_ClockSourceINT
Mcu.Pin35=VP_TIM16_VS_ClockSourceINT
Mcu.Pin4=PD5
Mcu.Pin5=PH7
Mcu.Pin6=PC15-OSC32_OUT (PC15)
Mcu.Pin7=PA13 (JTMS/SWDIO)
Mcu.Pin8=PI6
Mcu.Pin9=PH8
Mcu.PinsNb=36
Mcu.ThirdPartyNb=0
Mcu.UserConstants=VFP,50;PHY0_ADDRESS,((uint32_t) lcd_framebuffer0);PIXEL_PERLINE,768;LCD_WIDTH,480;VBP,12;LCD_FRAME_BUFFER,GFXMMU_VIRTUAL_BUFFER0_BASE;HACT,480;VSYNC,1;HFP,1;VACT,481;HBP,1;LCD_HEIGHT,481;HSYNC,2;PHY1_ADDRESS,((uint32_t) lcd_framebuffer1)
Mcu.UserName=STM32U5A9NJHxQ
MxCube.Version=6.8.1
MxDb.Version=DB.6.0.81
NVIC.BusFault_IRQn=true\:0\:0\:false\:false\:true\:false\:false\:false\:false
NVIC.DMA2D_IRQn=true\:1\:0\:true\:false\:true\:false\:true\:true\:true
NVIC.DSI_IRQn=true\:1\:0\:true\:false\:true\:false\:true\:true\:true
NVIC.DebugMonitor_IRQn=true\:0\:0\:false\:false\:true\:false\:false\:false\:false
NVIC.EXTI13_IRQn=true\:5\:0\:true\:false\:true\:false\:true\:true\:true
NVIC.EXTI2_IRQn=true\:5\:0\:true\:false\:false\:false\:true\:true\:true
NVIC.ForceEnableDMAVector=true
NVIC.GFXMMU_IRQn=true\:1\:0\:true\:false\:true\:false\:true\:true\:true
NVIC.GPU2D_ER_IRQn=true\:0\:0\:false\:false\:true\:false\:false\:true\:true
NVIC.GPU2D_IRQn=true\:0\:0\:false\:false\:true\:false\:false\:true\:true
NVIC.HardFault_IRQn=true\:0\:0\:false\:false\:true\:false\:false\:false\:false
NVIC.I2C3_ER_IRQn=true\:5\:0\:true\:false\:false\:false\:true\:true\:true
NVIC.I2C3_EV_IRQn=true\:5\:0\:true\:false\:false\:false\:true\:true\:true
NVIC.LTDC_ER_IRQn=true\:1\:0\:true\:false\:true\:false\:true\:true\:true
NVIC.LTDC_IRQn=true\:1\:0\:true\:false\:true\:false\:true\:true\:true
NVIC.MemoryManagement_IRQn=true\:0\:0\:false\:false\:true\:false\:false\:false\:false
NVIC.NonMaskableInt_IRQn=true\:0\:0\:false\:false\:true\:false\:false\:false\:false
NVIC.PendSV_IRQn=true\:0\:0\:false\:false\:false\:false\:false\:false\:false
NVIC.PriorityGroup=NVIC_PRIORITYGROUP_4
NVIC.SVCall_IRQn=true\:0\:0\:false\:false\:false\:false\:false\:false\:false
NVIC.SavedPendsvIrqHandlerGenerated=true
NVIC.SavedSvcallIrqHandlerGenerated=true
NVIC.SavedSystickIrqHandlerGenerated=true
NVIC.SysTick_IRQn=true\:0\:0\:false\:false\:false\:false\:false\:true\:false
NVIC.TIM6_IRQn=true\:15\:0\:false\:false\:true\:false\:false\:true\:true
NVIC.TIM7_IRQn=true\:5\:0\:true\:false\:false\:false\:true\:true\:true
NVIC.TimeBase=TIM6_IRQn
NVIC.TimeBaseIP=TIM6
NVIC.UsageFault_IRQn=true\:0\:0\:false\:false\:true\:false\:false\:false\:false
PA10.Locked=true
PA10.Mode=Asynchronous
PA10.Signal=USART1_RX
PA13\ (JTMS/SWDIO).Mode=Serial_Wire
PA13\ (JTMS/SWDIO).Signal=DEBUG_JTMS-SWDIO
PA14\ (JTCK/SWCLK).Mode=Serial_Wire
PA14\ (JTCK/SWCLK).Signal=DEBUG_JTCK-SWCLK
PA9.Locked=true
PA9.Mode=Asynchronous
PA9.Signal=USART1_TX
PC13.GPIOParameters=GPIO_PuPd,GPIO_Label
PC13.GPIO_Label=BLUE_BUTTON
PC13.GPIO_PuPd=GPIO_PULLDOWN
PC13.Locked=true
PC13.Signal=GPXTI13
PC14-OSC32_IN\ (PC14).Mode=LSE-External-Oscillator
PC14-OSC32_IN\ (PC14).Signal=RCC_OSC32_IN
PC15-OSC32_OUT\ (PC15).Mode=LSE-External-Oscillator
PC15-OSC32_OUT\ (PC15).Signal=RCC_OSC32_OUT
PD5.GPIOParameters=GPIO_PuPd,GPIO_Label
PD5.GPIO_Label=DSI_NRES
PD5.GPIO_PuPd=GPIO_PULLDOWN
PD5.Locked=true
PD5.Signal=GPIO_Output
PE0.GPIOParameters=GPIO_Speed,GPIO_Label
PE0.GPIO_Label=LED_GREEN
PE0.GPIO_Speed=GPIO_SPEED_FREQ_VERY_HIGH
PE0.Locked=true
PE0.Signal=S_TIM16_CH1
PE1.GPIOParameters=GPIO_Speed,GPIO_Label
PE1.GPIO_Label=LED_RED
PE1.GPIO_Speed=GPIO_SPEED_FREQ_VERY_HIGH
PE1.Locked=true
PE1.Signal=GPIO_Output
PF2.GPIOParameters=GPIO_Label,GPIO_ModeDefaultEXTI
PF2.GPIO_Label=TEMPT_INTRN
PF2.GPIO_ModeDefaultEXTI=GPIO_MODE_IT_FALLING
PF2.Locked=true
PF2.Signal=GPXTI2
PH0-OSC_IN\ (PH0).Mode=HSE-External-Oscillator
PH0-OSC_IN\ (PH0).Signal=RCC_OSC_IN
PH1-OSC_OUT\ (PH1).Mode=HSE-External-Oscillator
PH1-OSC_OUT\ (PH1).Signal=RCC_OSC_OUT
PH7.Locked=true
PH7.Mode=I2C
PH7.Signal=I2C3_SCL
PH8.Locked=true
PH8.Mode=I2C
PH8.Signal=I2C3_SDA
PI6.GPIOParameters=GPIO_PuPd,GPIO_Label
PI6.GPIO_Label=DSI_BL_CTRL
PI6.GPIO_PuPd=GPIO_PULLUP
PI6.Locked=true
PI6.Signal=GPIO_Input
PWR.IPParameters=PowerMode
PWR.PowerMode=PWR_SMPS_SUPPLY
PinOutPanel.CurrentBGAView=Top
PinOutPanel.RotationAngle=0
ProjectManager.AskForMigrate=true
ProjectManager.BackupPrevious=false
ProjectManager.CompilerOptimize=6
ProjectManager.ComputerToolchain=false
ProjectManager.CoupleFile=true
ProjectManager.CustomerFirmwarePackage=
ProjectManager.DefaultFWLocation=true
ProjectManager.DeletePrevious=true
ProjectManager.DeviceId=STM32U5A9NJHxQ
ProjectManager.FirmwarePackage=STM32Cube FW_U5 V1.2.0
ProjectManager.FreePins=false
ProjectManager.HalAssertFull=false
ProjectManager.HeapSize=0x200
ProjectManager.KeepUserCode=true
ProjectManager.LPBAM.generateCode=
ProjectManager.LastFirmware=true
ProjectManager.LibraryCopy=1
ProjectManager.MainLocation=Core/Src
ProjectManager.NoMain=false
ProjectManager.PreviousToolchain=
ProjectManager.ProjectBuild=false
ProjectManager.ProjectFileName=U5DC_GSide.ioc
ProjectManager.ProjectName=U5DC_GSide
ProjectManager.ProjectStructure=
ProjectManager.RegisterCallBack=
ProjectManager.StackSize=0x400
ProjectManager.TargetToolchain=STM32CubeIDE
ProjectManager.ToolChainLocation=
ProjectManager.UnderRoot=true
ProjectManager.functionlistsort=1-SystemClock_Config-RCC-false-HAL-false,2-MX_GPIO_Init-GPIO-false-HAL-true,3-MX_USART1_UART_Init-USART1-false-HAL-true,4-MX_TIM7_Init-TIM7-true-HAL-true,5-MX_TIM16_Init-TIM16-true-HAL-true,6-MX_ICACHE_Init-ICACHE-false-HAL-true,7-MX_I2C3_Init-I2C3-true-HAL-true,8-MX_TIM3_Init-TIM3-true-HAL-true,9-MX_DMA2D_Init-DMA2D-false-HAL-true,10-MX_DSIHOST_DSI_Init-DSIHOST-false-HAL-true,11-MX_GFXMMU_Init-GFXMMU-false-HAL-true,12-MX_LTDC_Init-LTDC-false-HAL-true,13-MX_GPU2D_Init-GPU2D-false-HAL-true,14-MX_RNG_Init-RNG-false-HAL-true,0-MX_CORTEX_M33_NS_Init-CORTEX_M33_NS-false-HAL-true,0-MX_PWR_Init-PWR-false-HAL-true
RCC.ADCFreq_Value=16000000
RCC.ADF1Freq_Value=160000000
RCC.AHBFreq_Value=160000000
RCC.APB1Freq_Value=160000000
RCC.APB1TimFreq_Value=160000000
RCC.APB2Freq_Value=160000000
RCC.APB2TimFreq_Value=160000000
RCC.APB3Freq_Value=160000000
RCC.CK48Freq_Value=48000000
RCC.CRSFreq_Value=48000000
RCC.CortexFreq_Value=160000000
RCC.DACCLockSelectionVirtual=RCC_DAC1CLKSOURCE_LSI
RCC.DACFreq_Value=32000
RCC.DSICLockSelection=RCC_DSICLKSOURCE_PLL3
RCC.DSIFreq_Value=62500000
RCC.DSITXEscFreq_Value=15625000
RCC.EPOD_VALUE=48000000
RCC.FCLKCortexFreq_Value=160000000
RCC.FDCANFreq_Value=160000000
RCC.FamilyName=M
RCC.HCLKFreq_Value=160000000
RCC.HSE_VALUE=16000000
RCC.HSI48_VALUE=48000000
RCC.HSI_VALUE=16000000
RCC.HSPI1Freq_Value=160000000
RCC.I2C1Freq_Value=160000000
RCC.I2C2Freq_Value=160000000
RCC.I2C3CLockSelection=RCC_I2C3CLKSOURCE_MSIK
RCC.I2C3Freq_Value=4000000
RCC.I2C4Freq_Value=160000000
RCC.I2C5Freq_Value=160000000
RCC.I2C6Freq_Value=160000000
RCC.IPParameters=ADCFreq_Value,ADF1Freq_Value,AHBFreq_Value,APB1Freq_Value,APB1TimFreq_Value,APB2Freq_Value,APB2TimFreq_Value,APB3Freq_Value,CK48Freq_Value,CRSFreq_Value,CortexFreq_Value,DACCLockSelectionVirtual,DACFreq_Value,DSICLockSelection,DSIFreq_Value,DSITXEscFreq_Value,EPOD_VALUE,FCLKCortexFreq_Value,FDCANFreq_Value,FamilyName,HCLKFreq_Value,HSE_VALUE,HSI48_VALUE,HSI_VALUE,HSPI1Freq_Value,I2C1Freq_Value,I2C2Freq_Value,I2C3CLockSelection,I2C3Freq_Value,I2C4Freq_Value,I2C5Freq_Value,I2C6Freq_Value,LPTIM1Freq_Value,LPTIM2Freq_Value,LPTIM3Freq_Value,LPUART1Freq_Value,LSCOPinFreq_Value,LSIDIV_VALUE,LSI_VALUE,LTDCCLockSelection,LTDCFreq_Value,MCO1PinFreq_Value,MDF1Freq_Value,MSIClockRange,MSI_VALUE,OCTOSPIMFreq_Value,PLL1P,PLL2M,PLL2N,PLL2PoutputFreq_Value,PLL2QoutputFreq_Value,PLL2R,PLL2RoutputFreq_Value,PLL2Source,PLL3M,PLL3N,PLL3P,PLL3PoutputFreq_Value,PLL3QoutputFreq_Value,PLL3R,PLL3RoutputFreq_Value,PLL3Source,PLLDSIFreq_Value,PLLDSIIDF,PLLDSINDIV,PLLDSIODF,PLLDSIVCOFreq_Value,PLLFRACN,PLLM,PLLN,PLLPoutputFreq_Value,PLLQoutputFreq_Value,PLLRCLKFreq_Value,RNGFreq_Value,SAESFreq_Value,SAI1Freq_Value,SAI2Freq_Value,SDMMCFreq_Value,SPI1Freq_Value,SPI2Freq_Value,SPI3Freq_Value,SYSCLKFreq_VALUE,SYSCLKSource,UART4Freq_Value,UART5Freq_Value,USART1CLockSelectionVirtual,USART1Freq_Value,USART2Freq_Value,USART3Freq_Value,USART6Freq_Value,USBPHYFreq_Value,VCOInput2Freq_Value,VCOInput3Freq_Value,VCOInputFreq_Value,VCOOutputFreq_Value,VCOPLL2OutputFreq_Value,VCOPLL3OutputFreq_Value
RCC.LPTIM1Freq_Value=4000000
RCC.LPTIM2Freq_Value=160000000
RCC.LPTIM3Freq_Value=4000000
RCC.LPUART1Freq_Value=160000000
RCC.LSCOPinFreq_Value=32000
RCC.LSIDIV_VALUE=32000
RCC.LSI_VALUE=32000
RCC.LTDCCLockSelection=RCC_LTDCCLKSOURCE_PLL3
RCC.LTDCFreq_Value=20833333.333333332
RCC.MCO1PinFreq_Value=160000000
RCC.MDF1Freq_Value=160000000
RCC.MSIClockRange=RCC_MSIRANGE_0
RCC.MSI_VALUE=48000000
RCC.OCTOSPIMFreq_Value=160000000
RCC.PLL1P=8
RCC.PLL2M=4
RCC.PLL2N=125
RCC.PLL2PoutputFreq_Value=250000000
RCC.PLL2QoutputFreq_Value=250000000
RCC.PLL2R=24
RCC.PLL2RoutputFreq_Value=20833333.333333332
RCC.PLL2Source=RCC_PLLSOURCE_HSE
RCC.PLL3M=4
RCC.PLL3N=125
RCC.PLL3P=8
RCC.PLL3PoutputFreq_Value=62500000
RCC.PLL3QoutputFreq_Value=250000000
RCC.PLL3R=24
RCC.PLL3RoutputFreq_Value=20833333.333333332
RCC.PLL3Source=RCC_PLLSOURCE_HSE
RCC.PLLDSIFreq_Value=500000000
RCC.PLLDSIIDF=DSI_PLL_IN_DIV4
RCC.PLLDSINDIV=125
RCC.PLLDSIODF=DSI_PLL_OUT_DIV2
RCC.PLLDSIVCOFreq_Value=1000000000
RCC.PLLFRACN=0
RCC.PLLM=3
RCC.PLLN=20
RCC.PLLPoutputFreq_Value=40000000
RCC.PLLQoutputFreq_Value=160000000
RCC.PLLRCLKFreq_Value=160000000
RCC.RNGFreq_Value=48000000
RCC.SAESFreq_Value=48000000
RCC.SAI1Freq_Value=250000000
RCC.SAI2Freq_Value=250000000
RCC.SDMMCFreq_Value=40000000
RCC.SPI1Freq_Value=160000000
RCC.SPI2Freq_Value=160000000
RCC.SPI3Freq_Value=160000000
RCC.SYSCLKFreq_VALUE=160000000
RCC.SYSCLKSource=RCC_SYSCLKSOURCE_PLLCLK
RCC.UART4Freq_Value=160000000
RCC.UART5Freq_Value=160000000
RCC.USART1CLockSelectionVirtual=RCC_USART1CLKSOURCE_HSI
RCC.USART1Freq_Value=16000000
RCC.USART2Freq_Value=160000000
RCC.USART3Freq_Value=160000000
RCC.USART6Freq_Value=160000000
RCC.USBPHYFreq_Value=40000000
RCC.VCOInput2Freq_Value=4000000
RCC.VCOInput3Freq_Value=4000000
RCC.VCOInputFreq_Value=16000000
RCC.VCOOutputFreq_Value=320000000
RCC.VCOPLL2OutputFreq_Value=500000000
RCC.VCOPLL3OutputFreq_Value=500000000
SH.GPXTI13.0=GPIO_EXTI13
SH.GPXTI13.ConfNb=1
SH.GPXTI2.0=GPIO_EXTI2
SH.GPXTI2.ConfNb=1
SH.S_TIM16_CH1.0=TIM16_CH1,PWM Generation1 CH1
SH.S_TIM16_CH1.ConfNb=1
THREADX.IPParameters=TX_APP_MEM_POOL_SIZE,TX_APP_GENERATE_INIT_CODE,TX_APP_CREATION
THREADX.TX_APP_CREATION=1
THREADX.TX_APP_GENERATE_INIT_CODE=false
THREADX.TX_APP_MEM_POOL_SIZE=1024*8
TIM16.Channel=TIM_CHANNEL_1
TIM16.IPParameters=Channel,Prescaler,PeriodNoDither,PulseNoDither_1
TIM16.PeriodNoDither=100-1
TIM16.Prescaler=16000-1
TIM16.PulseNoDither_1=99
TIM3.IPParameters=Prescaler
TIM3.Prescaler=160-1
TIM7.IPParameters=Prescaler,PeriodNoDither
TIM7.PeriodNoDither=100
TIM7.Prescaler=16000
USART1.IPParameters=VirtualMode-Asynchronous
USART1.VirtualMode-Asynchronous=VM_ASYNC
VP_DMA2D_VS_DMA2D.Mode=DMA2D_Activate
VP_DMA2D_VS_DMA2D.Signal=DMA2D_VS_DMA2D
VP_GFXMMU_VS_GFXMMU.Mode=GFXMMU_Activate
VP_GFXMMU_VS_GFXMMU.Signal=GFXMMU_VS_GFXMMU
VP_GPU2D_VS_GPU2D.Mode=GPU2D_Activate
VP_GPU2D_VS_GPU2D.Signal=GPU2D_VS_GPU2D
VP_ICACHE_VS_ICACHE.Mode=DirectMappedCache
VP_ICACHE_VS_ICACHE.Signal=ICACHE_VS_ICACHE
VP_LTDC_DSIMode.Mode=RGB888
VP_LTDC_DSIMode.Signal=LTDC_DSIMode
VP_PWR_VS_DBSignals.Mode=DisableDeadBatterySignals
VP_PWR_VS_DBSignals.Signal=PWR_VS_DBSignals
VP_PWR_VS_LPOM.Mode=PowerOptimisation
VP_PWR_VS_LPOM.Signal=PWR_VS_LPOM
VP_PWR_VS_SECSignals.Mode=Security/Privilege
VP_PWR_VS_SECSignals.Signal=PWR_VS_SECSignals
VP_RNG_VS_RNG.Mode=RNG_Activate
VP_RNG_VS_RNG.Signal=RNG_VS_RNG
VP_SYS_VS_tim6.Mode=TIM6
VP_SYS_VS_tim6.Signal=SYS_VS_tim6
VP_THREADX_VS_RTOSJjThreadXJjCoreJjDefault.Mode=Core_Default
VP_THREADX_VS_RTOSJjThreadXJjCoreJjDefault.Signal=THREADX_VS_RTOSJjThreadXJjCoreJjDefault
VP_TIM16_VS_ClockSourceINT.Mode=Enable_Timer
VP_TIM16_VS_ClockSourceINT.Signal=TIM16_VS_ClockSourceINT
VP_TIM3_VS_ClockSourceINT.Mode=Internal
VP_TIM3_VS_ClockSourceINT.Signal=TIM3_VS_ClockSourceINT
VP_TIM7_VS_ClockSourceINT.Mode=Enable_Timer
VP_TIM7_VS_ClockSourceINT.Signal=TIM7_VS_ClockSourceINT
board=STM32U5A9J-DK
boardIOC=true
isbadioc=false
